
Microsoft Visual Studio Solution File, Format Version 12.00
# Visual Studio Version 17
VisualStudioVersion = 17.7.34031.279
MinimumVisualStudioVersion = 10.0.40219.1
Project("{FAE04EC0-301F-11D3-BF4B-00C04F79EFBC}") = "Aula20", "Aula20.csproj", "{A7107471-5B9E-43CA-864D-7BCFF2958F2E}"
EndProject
Global
	GlobalSection(SolutionConfigurationPlatforms) = preSolution
		Debug|Any CPU = Debug|Any CPU
		Release|Any CPU = Release|Any CPU
	EndGlobalSection
	GlobalSection(ProjectConfigurationPlatforms) = postSolution
		{A7107471-5B9E-43CA-864D-7BCFF2958F2E}.Debug|Any CPU.ActiveCfg = Debug|Any CPU
		{A7107471-5B9E-43CA-864D-7BCFF2958F2E}.Debug|Any CPU.Build.0 = Debug|Any CPU
		{A7107471-5B9E-43CA-864D-7BCFF2958F2E}.Release|Any CPU.ActiveCfg = Release|Any CPU
		{A7107471-5B9E-43CA-864D-7BCFF2958F2E}.Release|Any CPU.Build.0 = Release|Any CPU
	EndGlobalSection
	GlobalSection(SolutionProperties) = preSolution
		HideSolutionNode = FALSE
	EndGlobalSection
	GlobalSection(ExtensibilityGlobals) = postSolution
		SolutionGuid = {EDEF5765-ADA8-457E-A3E0-E86CA69AD070}
	EndGlobalSection
EndGlobal
