
Microsoft Visual Studio Solution File, Format Version 12.00
# Visual Studio Version 17
VisualStudioVersion = 17.7.34031.279
MinimumVisualStudioVersion = 10.0.40219.1
Project("{FAE04EC0-301F-11D3-BF4B-00C04F79EFBC}") = "Aula05", "Aula05.csproj", "{A05B872C-9C9C-4926-B7D8-4CC4E6D5C439}"
EndProject
Global
	GlobalSection(SolutionConfigurationPlatforms) = preSolution
		Debug|Any CPU = Debug|Any CPU
		Release|Any CPU = Release|Any CPU
	EndGlobalSection
	GlobalSection(ProjectConfigurationPlatforms) = postSolution
		{A05B872C-9C9C-4926-B7D8-4CC4E6D5C439}.Debug|Any CPU.ActiveCfg = Debug|Any CPU
		{A05B872C-9C9C-4926-B7D8-4CC4E6D5C439}.Debug|Any CPU.Build.0 = Debug|Any CPU
		{A05B872C-9C9C-4926-B7D8-4CC4E6D5C439}.Release|Any CPU.ActiveCfg = Release|Any CPU
		{A05B872C-9C9C-4926-B7D8-4CC4E6D5C439}.Release|Any CPU.Build.0 = Release|Any CPU
	EndGlobalSection
	GlobalSection(SolutionProperties) = preSolution
		HideSolutionNode = FALSE
	EndGlobalSection
	GlobalSection(ExtensibilityGlobals) = postSolution
		SolutionGuid = {09796F9C-9186-4806-A78D-97D9DBCA3373}
	EndGlobalSection
EndGlobal
