
Microsoft Visual Studio Solution File, Format Version 12.00
# Visual Studio Version 17
VisualStudioVersion = 17.7.34202.233
MinimumVisualStudioVersion = 10.0.40219.1
Project("{FAE04EC0-301F-11D3-BF4B-00C04F79EFBC}") = "Aula51", "Aula51.csproj", "{C556DA89-74C9-49F3-8565-154E55D8D69C}"
EndProject
Global
	GlobalSection(SolutionConfigurationPlatforms) = preSolution
		Debug|Any CPU = Debug|Any CPU
		Release|Any CPU = Release|Any CPU
	EndGlobalSection
	GlobalSection(ProjectConfigurationPlatforms) = postSolution
		{C556DA89-74C9-49F3-8565-154E55D8D69C}.Debug|Any CPU.ActiveCfg = Debug|Any CPU
		{C556DA89-74C9-49F3-8565-154E55D8D69C}.Debug|Any CPU.Build.0 = Debug|Any CPU
		{C556DA89-74C9-49F3-8565-154E55D8D69C}.Release|Any CPU.ActiveCfg = Release|Any CPU
		{C556DA89-74C9-49F3-8565-154E55D8D69C}.Release|Any CPU.Build.0 = Release|Any CPU
	EndGlobalSection
	GlobalSection(SolutionProperties) = preSolution
		HideSolutionNode = FALSE
	EndGlobalSection
	GlobalSection(ExtensibilityGlobals) = postSolution
		SolutionGuid = {209B7D2A-1D6E-4775-8037-E3B164047BEF}
	EndGlobalSection
EndGlobal
