
Microsoft Visual Studio Solution File, Format Version 12.00
# Visual Studio Version 17
VisualStudioVersion = 17.7.34202.233
MinimumVisualStudioVersion = 10.0.40219.1
Project("{FAE04EC0-301F-11D3-BF4B-00C04F79EFBC}") = "Aula49", "Aula49.csproj", "{2427666F-CF47-4286-B8E3-33647873333D}"
EndProject
Global
	GlobalSection(SolutionConfigurationPlatforms) = preSolution
		Debug|Any CPU = Debug|Any CPU
		Release|Any CPU = Release|Any CPU
	EndGlobalSection
	GlobalSection(ProjectConfigurationPlatforms) = postSolution
		{2427666F-CF47-4286-B8E3-33647873333D}.Debug|Any CPU.ActiveCfg = Debug|Any CPU
		{2427666F-CF47-4286-B8E3-33647873333D}.Debug|Any CPU.Build.0 = Debug|Any CPU
		{2427666F-CF47-4286-B8E3-33647873333D}.Release|Any CPU.ActiveCfg = Release|Any CPU
		{2427666F-CF47-4286-B8E3-33647873333D}.Release|Any CPU.Build.0 = Release|Any CPU
	EndGlobalSection
	GlobalSection(SolutionProperties) = preSolution
		HideSolutionNode = FALSE
	EndGlobalSection
	GlobalSection(ExtensibilityGlobals) = postSolution
		SolutionGuid = {ED3C481C-AC31-470E-936F-6C1FB167973C}
	EndGlobalSection
EndGlobal
