
Microsoft Visual Studio Solution File, Format Version 12.00
# Visual Studio Version 17
VisualStudioVersion = 17.7.34031.279
MinimumVisualStudioVersion = 10.0.40219.1
Project("{FAE04EC0-301F-11D3-BF4B-00C04F79EFBC}") = "Aula10", "Aula10.csproj", "{0FEFC258-D3AE-4584-8B16-E79FE61AA5F6}"
EndProject
Global
	GlobalSection(SolutionConfigurationPlatforms) = preSolution
		Debug|Any CPU = Debug|Any CPU
		Release|Any CPU = Release|Any CPU
	EndGlobalSection
	GlobalSection(ProjectConfigurationPlatforms) = postSolution
		{0FEFC258-D3AE-4584-8B16-E79FE61AA5F6}.Debug|Any CPU.ActiveCfg = Debug|Any CPU
		{0FEFC258-D3AE-4584-8B16-E79FE61AA5F6}.Debug|Any CPU.Build.0 = Debug|Any CPU
		{0FEFC258-D3AE-4584-8B16-E79FE61AA5F6}.Release|Any CPU.ActiveCfg = Release|Any CPU
		{0FEFC258-D3AE-4584-8B16-E79FE61AA5F6}.Release|Any CPU.Build.0 = Release|Any CPU
	EndGlobalSection
	GlobalSection(SolutionProperties) = preSolution
		HideSolutionNode = FALSE
	EndGlobalSection
	GlobalSection(ExtensibilityGlobals) = postSolution
		SolutionGuid = {E347EB07-0C2A-4C43-9FF8-0DF053DE0A0A}
	EndGlobalSection
EndGlobal
