
Microsoft Visual Studio Solution File, Format Version 12.00
# Visual Studio Version 17
VisualStudioVersion = 17.7.34031.279
MinimumVisualStudioVersion = 10.0.40219.1
Project("{FAE04EC0-301F-11D3-BF4B-00C04F79EFBC}") = "Aula29", "Aula29.csproj", "{6E8D17EA-0153-476C-961A-2B5D11E81B1D}"
EndProject
Global
	GlobalSection(SolutionConfigurationPlatforms) = preSolution
		Debug|Any CPU = Debug|Any CPU
		Release|Any CPU = Release|Any CPU
	EndGlobalSection
	GlobalSection(ProjectConfigurationPlatforms) = postSolution
		{6E8D17EA-0153-476C-961A-2B5D11E81B1D}.Debug|Any CPU.ActiveCfg = Debug|Any CPU
		{6E8D17EA-0153-476C-961A-2B5D11E81B1D}.Debug|Any CPU.Build.0 = Debug|Any CPU
		{6E8D17EA-0153-476C-961A-2B5D11E81B1D}.Release|Any CPU.ActiveCfg = Release|Any CPU
		{6E8D17EA-0153-476C-961A-2B5D11E81B1D}.Release|Any CPU.Build.0 = Release|Any CPU
	EndGlobalSection
	GlobalSection(SolutionProperties) = preSolution
		HideSolutionNode = FALSE
	EndGlobalSection
	GlobalSection(ExtensibilityGlobals) = postSolution
		SolutionGuid = {F068B094-0CCB-4FB9-BA46-1E32789992BD}
	EndGlobalSection
EndGlobal
