
Microsoft Visual Studio Solution File, Format Version 12.00
# Visual Studio Version 17
VisualStudioVersion = 17.7.34031.279
MinimumVisualStudioVersion = 10.0.40219.1
Project("{FAE04EC0-301F-11D3-BF4B-00C04F79EFBC}") = "Aula27", "Aula27.csproj", "{72ED32F8-9ABD-418F-9C94-E46B614A6FF9}"
EndProject
Global
	GlobalSection(SolutionConfigurationPlatforms) = preSolution
		Debug|Any CPU = Debug|Any CPU
		Release|Any CPU = Release|Any CPU
	EndGlobalSection
	GlobalSection(ProjectConfigurationPlatforms) = postSolution
		{72ED32F8-9ABD-418F-9C94-E46B614A6FF9}.Debug|Any CPU.ActiveCfg = Debug|Any CPU
		{72ED32F8-9ABD-418F-9C94-E46B614A6FF9}.Debug|Any CPU.Build.0 = Debug|Any CPU
		{72ED32F8-9ABD-418F-9C94-E46B614A6FF9}.Release|Any CPU.ActiveCfg = Release|Any CPU
		{72ED32F8-9ABD-418F-9C94-E46B614A6FF9}.Release|Any CPU.Build.0 = Release|Any CPU
	EndGlobalSection
	GlobalSection(SolutionProperties) = preSolution
		HideSolutionNode = FALSE
	EndGlobalSection
	GlobalSection(ExtensibilityGlobals) = postSolution
		SolutionGuid = {DB171E69-B40E-4832-A293-A51C94FA9250}
	EndGlobalSection
EndGlobal
