
Microsoft Visual Studio Solution File, Format Version 12.00
# Visual Studio Version 17
VisualStudioVersion = 17.7.34031.279
MinimumVisualStudioVersion = 10.0.40219.1
Project("{FAE04EC0-301F-11D3-BF4B-00C04F79EFBC}") = "Aula03", "Aula03.csproj", "{19980B96-4331-49D2-AE62-4C88DFBE34BD}"
EndProject
Global
	GlobalSection(SolutionConfigurationPlatforms) = preSolution
		Debug|Any CPU = Debug|Any CPU
		Release|Any CPU = Release|Any CPU
	EndGlobalSection
	GlobalSection(ProjectConfigurationPlatforms) = postSolution
		{19980B96-4331-49D2-AE62-4C88DFBE34BD}.Debug|Any CPU.ActiveCfg = Debug|Any CPU
		{19980B96-4331-49D2-AE62-4C88DFBE34BD}.Debug|Any CPU.Build.0 = Debug|Any CPU
		{19980B96-4331-49D2-AE62-4C88DFBE34BD}.Release|Any CPU.ActiveCfg = Release|Any CPU
		{19980B96-4331-49D2-AE62-4C88DFBE34BD}.Release|Any CPU.Build.0 = Release|Any CPU
	EndGlobalSection
	GlobalSection(SolutionProperties) = preSolution
		HideSolutionNode = FALSE
	EndGlobalSection
	GlobalSection(ExtensibilityGlobals) = postSolution
		SolutionGuid = {817AC4AB-BEEB-409F-AEBF-CAB3B700E15E}
	EndGlobalSection
EndGlobal
