
Microsoft Visual Studio Solution File, Format Version 12.00
# Visual Studio Version 17
VisualStudioVersion = 17.7.34202.233
MinimumVisualStudioVersion = 10.0.40219.1
Project("{FAE04EC0-301F-11D3-BF4B-00C04F79EFBC}") = "Aula57", "Aula57\Aula57.csproj", "{57AA4E35-5164-4790-8FF8-4FE84E036789}"
EndProject
Global
	GlobalSection(SolutionConfigurationPlatforms) = preSolution
		Debug|Any CPU = Debug|Any CPU
		Release|Any CPU = Release|Any CPU
	EndGlobalSection
	GlobalSection(ProjectConfigurationPlatforms) = postSolution
		{57AA4E35-5164-4790-8FF8-4FE84E036789}.Debug|Any CPU.ActiveCfg = Debug|Any CPU
		{57AA4E35-5164-4790-8FF8-4FE84E036789}.Debug|Any CPU.Build.0 = Debug|Any CPU
		{57AA4E35-5164-4790-8FF8-4FE84E036789}.Release|Any CPU.ActiveCfg = Release|Any CPU
		{57AA4E35-5164-4790-8FF8-4FE84E036789}.Release|Any CPU.Build.0 = Release|Any CPU
	EndGlobalSection
	GlobalSection(SolutionProperties) = preSolution
		HideSolutionNode = FALSE
	EndGlobalSection
	GlobalSection(ExtensibilityGlobals) = postSolution
		SolutionGuid = {3201B7E2-4F41-400B-84D6-3F7A64B61DF2}
	EndGlobalSection
EndGlobal
