
Microsoft Visual Studio Solution File, Format Version 12.00
# Visual Studio Version 17
VisualStudioVersion = 17.7.34031.279
MinimumVisualStudioVersion = 10.0.40219.1
Project("{FAE04EC0-301F-11D3-BF4B-00C04F79EFBC}") = "Aula09", "Aula09.csproj", "{0735D005-B0F3-4592-85F3-1621911C2D13}"
EndProject
Global
	GlobalSection(SolutionConfigurationPlatforms) = preSolution
		Debug|Any CPU = Debug|Any CPU
		Release|Any CPU = Release|Any CPU
	EndGlobalSection
	GlobalSection(ProjectConfigurationPlatforms) = postSolution
		{0735D005-B0F3-4592-85F3-1621911C2D13}.Debug|Any CPU.ActiveCfg = Debug|Any CPU
		{0735D005-B0F3-4592-85F3-1621911C2D13}.Debug|Any CPU.Build.0 = Debug|Any CPU
		{0735D005-B0F3-4592-85F3-1621911C2D13}.Release|Any CPU.ActiveCfg = Release|Any CPU
		{0735D005-B0F3-4592-85F3-1621911C2D13}.Release|Any CPU.Build.0 = Release|Any CPU
	EndGlobalSection
	GlobalSection(SolutionProperties) = preSolution
		HideSolutionNode = FALSE
	EndGlobalSection
	GlobalSection(ExtensibilityGlobals) = postSolution
		SolutionGuid = {A708424A-606B-4A22-B936-B6F21CFB006B}
	EndGlobalSection
EndGlobal
